// !$*UTF8*$!
{
	archiveVersion = 1;
	classes = {
	};
	objectVersion = 46;
	objects = {

/* Begin PBXBuildFile section */
		04B8A0551B02FD4F00D06DAB /* main.m in Sources */ = {isa = PBXBuildFile; fileRef = 04B8A0541B02FD4F00D06DAB /* main.m */; };
		04B8A0581B02FD4F00D06DAB /* AppDelegate.m in Sources */ = {isa = PBXBuildFile; fileRef = 04B8A0571B02FD4F00D06DAB /* AppDelegate.m */; };
		04B8A05B1B02FD4F00D06DAB /* ViewController.m in Sources */ = {isa = PBXBuildFile; fileRef = 04B8A05A1B02FD4F00D06DAB /* ViewController.m */; };
		04B8A05E1B02FD4F00D06DAB /* Main.storyboard in Resources */ = {isa = PBXBuildFile; fileRef = 04B8A05C1B02FD4F00D06DAB /* Main.storyboard */; };
		04B8A0601B02FD4F00D06DAB /* Images.xcassets in Resources */ = {isa = PBXBuildFile; fileRef = 04B8A05F1B02FD4F00D06DAB /* Images.xcassets */; };
		04B8A0631B02FD4F00D06DAB /* LaunchScreen.xib in Resources */ = {isa = PBXBuildFile; fileRef = 04B8A0611B02FD4F00D06DAB /* LaunchScreen.xib */; };
		04B8A06F1B02FD4F00D06DAB /* HelloWorldTests.m in Sources */ = {isa = PBXBuildFile; fileRef = 04B8A06E1B02FD4F00D06DAB /* HelloWorldTests.m */; };
/* End PBXBuildFile section */

/* Begin PBXContainerItemProxy section */
		04B8A0691B02FD4F00D06DAB /* PBXContainerItemProxy */ = {
			isa = PBXContainerItemProxy;
			containerPortal = 04B8A0471B02FD4F00D06DAB /* Project object */;
			proxyType = 1;
			remoteGlobalIDString = 04B8A04E1B02FD4F00D06DAB;
			remoteInfo = HelloWorld;
		};
/* End PBXContainerItemProxy section */

/* Begin PBXFileReference section */
		04B8A04F1B02FD4F00D06DAB /* HelloWorld.app */ = {isa = PBXFileReference; explicitFileType = wrapper.application; includeInIndex = 0; path = HelloWorld.app; sourceTree = BUILT_PRODUCTS_DIR; };
		04B8A0531B02FD4F00D06DAB /* Info.plist */ = {isa = PBXFileReference; lastKnownFileType = text.plist.xml; path = Info.plist; sourceTree = "<group>"; };
		04B8A0541B02FD4F00D06DAB /* main.m */ = {isa = PBXFileReference; lastKnownFileType = sourcecode.c.objc; path = main.m; sourceTree = "<group>"; };
		04B8A0561B02FD4F00D06DAB /* AppDelegate.h */ = {isa = PBXFileReference; lastKnownFileType = sourcecode.c.h; path = AppDelegate.h; sourceTree = "<group>"; };
		04B8A0571B02FD4F00D06DAB /* AppDelegate.m */ = {isa = PBXFileReference; lastKnownFileType = sourcecode.c.objc; path = AppDelegate.m; sourceTree = "<group>"; };
		04B8A0591B02FD4F00D06DAB /* ViewController.h */ = {isa = PBXFileReference; lastKnownFileType = sourcecode.c.h; path = ViewController.h; sourceTree = "<group>"; };
		04B8A05A1B02FD4F00D06DAB /* ViewController.m */ = {isa = PBXFileReference; lastKnownFileType = sourcecode.c.objc; path = ViewController.m; sourceTree = "<group>"; };
		04B8A05D1B02FD4F00D06DAB /* Base */ = {isa = PBXFileReference; lastKnownFileType = file.storyboard; name = Base; path = Base.lproj/Main.storyboard; sourceTree = "<group>"; };
		04B8A05F1B02FD4F00D06DAB /* Images.xcassets */ = {isa = PBXFileReference; lastKnownFileType = folder.assetcatalog; path = Images.xcassets; sourceTree = "<group>"; };
		04B8A0621B02FD4F00D06DAB /* Base */ = {isa = PBXFileReference; lastKnownFileType = file.xib; name = Base; path = Base.lproj/LaunchScreen.xib; sourceTree = "<group>"; };
		04B8A0681B02FD4F00D06DAB /* HelloWorldTests.xctest */ = {isa = PBXFileReference; explicitFileType = wrapper.cfbundle; includeInIndex = 0; path = HelloWorldTests.xctest; sourceTree = BUILT_PRODUCTS_DIR; };
		04B8A06D1B02FD4F00D06DAB /* Info.plist */ = {isa = PBXFileReference; lastKnownFileType = text.plist.xml; path = Info.plist; sourceTree = "<group>"; };
		04B8A06E1B02FD4F00D06DAB /* HelloWorldTests.m */ = {isa = PBXFileReference; lastKnownFileType = sourcecode.c.objc; path = HelloWorldTests.m; sourceTree = "<group>"; };
/* End PBXFileReference section */

/* Begin PBXFrameworksBuildPhase section */
		04B8A04C1B02FD4F00D06DAB /* Frameworks */ = {
			isa = PBXFrameworksBuildPhase;
			buildActionMask = 2147483647;
			files = (
			);
			runOnlyForDeploymentPostprocessing = 0;
		};
		04B8A0651B02FD4F00D06DAB /* Frameworks */ = {
			isa = PBXFrameworksBuildPhase;
			buildActionMask = 2147483647;
			files = (
			);
			runOnlyForDeploymentPostprocessing = 0;
		};
/* End PBXFrameworksBuildPhase section */

/* Begin PBXGroup section */
		04B8A0461B02FD4F00D06DAB = {
			isa = PBXGroup;
			children = (
				04B8A0511B02FD4F00D06DAB /* HelloWorld */,
				04B8A06B1B02FD4F00D06DAB /* HelloWorldTests */,
				04B8A0501B02FD4F00D06DAB /* Products */,
			);
			sourceTree = "<group>";
		};
		04B8A0501B02FD4F00D06DAB /* Products */ = {
			isa = PBXGroup;
			children = (
				04B8A04F1B02FD4F00D06DAB /* HelloWorld.app */,
				04B8A0681B02FD4F00D06DAB /* HelloWorldTests.xctest */,
			);
			name = Products;
			sourceTree = "<group>";
		};
		04B8A0511B02FD4F00D06DAB /* HelloWorld */ = {
			isa = PBXGroup;
			children = (
				04B8A0561B02FD4F00D06DAB /* AppDelegate.h */,
				04B8A0571B02FD4F00D06DAB /* AppDelegate.m */,
				04B8A0591B02FD4F00D06DAB /* ViewController.h */,
				04B8A05A1B02FD4F00D06DAB /* ViewController.m */,
				04B8A05C1B02FD4F00D06DAB /* Main.storyboard */,
				04B8A05F1B02FD4F00D06DAB /* Images.xcassets */,
				04B8A0611B02FD4F00D06DAB /* LaunchScreen.xib */,
				04B8A0521B02FD4F00D06DAB /* Supporting Files */,
			);
			path = HelloWorld;
			sourceTree = "<group>";
		};
		04B8A0521B02FD4F00D06DAB /* Supporting Files */ = {
			isa = PBXGroup;
			children = (
				04B8A0531B02FD4F00D06DAB /* Info.plist */,
				04B8A0541B02FD4F00D06DAB /* main.m */,
			);
			name = "Supporting Files";
			sourceTree = "<group>";
		};
		04B8A06B1B02FD4F00D06DAB /* HelloWorldTests */ = {
			isa = PBXGroup;
			children = (
				04B8A06E1B02FD4F00D06DAB /* HelloWorldTests.m */,
				04B8A06C1B02FD4F00D06DAB /* Supporting Files */,
			);
			path = HelloWorldTests;
			sourceTree = "<group>";
		};
		04B8A06C1B02FD4F00D06DAB /* Supporting Files */ = {
			isa = PBXGroup;
			children = (
				04B8A06D1B02FD4F00D06DAB /* Info.plist */,
			);
			name = "Supporting Files";
			sourceTree = "<group>";
		};
/* End PBXGroup section */

/* Begin PBXNativeTarget section */
		04B8A04E1B02FD4F00D06DAB /* HelloWorld */ = {
			isa = PBXNativeTarget;
			buildConfigurationList = 04B8A0721B02FD4F00D06DAB /* Build configuration list for PBXNativeTarget "HelloWorld" */;
			buildPhases = (
				04B8A04B1B02FD4F00D06DAB /* Sources */,
				04B8A04C1B02FD4F00D06DAB /* Frameworks */,
				04B8A04D1B02FD4F00D06DAB /* Resources */,
			);
			buildRules = (
			);
			dependencies = (
			);
			name = HelloWorld;
			productName = HelloWorld;
			productReference = 04B8A04F1B02FD4F00D06DAB /* HelloWorld.app */;
			productType = "com.apple.product-type.application";
		};
		04B8A0671B02FD4F00D06DAB /* HelloWorldTests */ = {
			isa = PBXNativeTarget;
			buildConfigurationList = 04B8A0751B02FD4F00D06DAB /* Build configuration list for PBXNativeTarget "HelloWorldTests" */;
			buildPhases = (
				04B8A0641B02FD4F00D06DAB /* Sources */,
				04B8A0651B02FD4F00D06DAB /* Frameworks */,
				04B8A0661B02FD4F00D06DAB /* Resources */,
			);
			buildRules = (
			);
			dependencies = (
				04B8A06A1B02FD4F00D06DAB /* PBXTargetDependency */,
			);
			name = HelloWorldTests;
			productName = HelloWorldTests;
			productReference = 04B8A0681B02FD4F00D06DAB /* HelloWorldTests.xctest */;
			productType = "com.apple.product-type.bundle.unit-test";
		};
/* End PBXNativeTarget section */

/* Begin PBXProject section */
		04B8A0471B02FD4F00D06DAB /* Project object */ = {
			isa = PBXProject;
			attributes = {
				LastUpgradeCheck = 0630;
				ORGANIZATIONNAME = JackJiang;
				TargetAttributes = {
					04B8A04E1B02FD4F00D06DAB = {
						CreatedOnToolsVersion = 6.3.1;
					};
					04B8A0671B02FD4F00D06DAB = {
						CreatedOnToolsVersion = 6.3.1;
						TestTargetID = 04B8A04E1B02FD4F00D06DAB;
					};
				};
			};
			buildConfigurationList = 04B8A04A1B02FD4F00D06DAB /* Build configuration list for PBXProject "HelloWorld" */;
			compatibilityVersion = "Xcode 3.2";
			developmentRegion = English;
			hasScannedForEncodings = 0;
			knownRegions = (
				en,
				Base,
			);
			mainGroup = 04B8A0461B02FD4F00D06DAB;
			productRefGroup = 04B8A0501B02FD4F00D06DAB /* Products */;
			projectDirPath = "";
			projectRoot = "";
			targets = (
				04B8A04E1B02FD4F00D06DAB /* HelloWorld */,
				04B8A0671B02FD4F00D06DAB /* HelloWorldTests */,
			);
		};
/* End PBXProject section */

/* Begin PBXResourcesBuildPhase section */
		04B8A04D1B02FD4F00D06DAB /* Resources */ = {
			isa = PBXResourcesBuildPhase;
			buildActionMask = 2147483647;
			files = (
				04B8A05E1B02FD4F00D06DAB /* Main.storyboard in Resources */,
				04B8A0631B02FD4F00D06DAB /* LaunchScreen.xib in Resources */,
				04B8A0601B02FD4F00D06DAB /* Images.xcassets in Resources */,
			);
			runOnlyForDeploymentPostprocessing = 0;
		};
		04B8A0661B02FD4F00D06DAB /* Resources */ = {
			isa = PBXResourcesBuildPhase;
			buildActionMask = 2147483647;
			files = (
			);
			runOnlyForDeploymentPostprocessing = 0;
		};
/* End PBXResourcesBuildPhase section */

/* Begin PBXSourcesBuildPhase section */
		04B8A04B1B02FD4F00D06DAB /* Sources */ = {
			isa = PBXSourcesBuildPhase;
			buildActionMask = 2147483647;
			files = (
				04B8A05B1B02FD4F00D06DAB /* ViewController.m in Sources */,
				04B8A0581B02FD4F00D06DAB /* AppDelegate.m in Sources */,
				04B8A0551B02FD4F00D06DAB /* main.m in Sources */,
			);
			runOnlyForDeploymentPostprocessing = 0;
		};
		04B8A0641B02FD4F00D06DAB /* Sources */ = {
			isa = PBXSourcesBuildPhase;
			buildActionMask = 2147483647;
			files = (
				04B8A06F1B02FD4F00D06DAB /* HelloWorldTests.m in Sources */,
			);
			runOnlyForDeploymentPostprocessing = 0;
		};
/* End PBXSourcesBuildPhase section */

/* Begin PBXTargetDependency section */
		04B8A06A1B02FD4F00D06DAB /* PBXTargetDependency */ = {
			isa = PBXTargetDependency;
			target = 04B8A04E1B02FD4F00D06DAB /* HelloWorld */;
			targetProxy = 04B8A0691B02FD4F00D06DAB /* PBXContainerItemProxy */;
		};
/* End PBXTargetDependency section */

/* Begin PBXVariantGroup section */
		04B8A05C1B02FD4F00D06DAB /* Main.storyboard */ = {
			isa = PBXVariantGroup;
			children = (
				04B8A05D1B02FD4F00D06DAB /* Base */,
			);
			name = Main.storyboard;
			sourceTree = "<group>";
		};
		04B8A0611B02FD4F00D06DAB /* LaunchScreen.xib */ = {
			isa = PBXVariantGroup;
			children = (
				04B8A0621B02FD4F00D06DAB /* Base */,
			);
			name = LaunchScreen.xib;
			sourceTree = "<group>";
		};
/* End PBXVariantGroup section */

/* Begin XCBuildConfiguration section */
		04B8A0701B02FD4F00D06DAB /* Debug */ = {
			isa = XCBuildConfiguration;
			buildSettings = {
				ALWAYS_SEARCH_USER_PATHS = NO;
				CLANG_CXX_LANGUAGE_STANDARD = "gnu++0x";
				CLANG_CXX_LIBRARY = "libc++";
				CLANG_ENABLE_MODULES = YES;
				CLANG_ENABLE_OBJC_ARC = YES;
				CLANG_WARN_BOOL_CONVERSION = YES;
				CLANG_WARN_CONSTANT_CONVERSION = YES;
				CLANG_WARN_DIRECT_OBJC_ISA_USAGE = YES_ERROR;
				CLANG_WARN_EMPTY_BODY = YES;
				CLANG_WARN_ENUM_CONVERSION = YES;
				CLANG_WARN_INT_CONVERSION = YES;
				CLANG_WARN_OBJC_ROOT_CLASS = YES_ERROR;
				CLANG_WARN_UNREACHABLE_CODE = YES;
				CLANG_WARN__DUPLICATE_METHOD_MATCH = YES;
				"CODE_SIGN_IDENTITY[sdk=iphoneos*]" = "iPhone Developer";
				COPY_PHASE_STRIP = NO;
				DEBUG_INFORMATION_FORMAT = "dwarf-with-dsym";
				ENABLE_STRICT_OBJC_MSGSEND = YES;
				GCC_C_LANGUAGE_STANDARD = gnu99;
				GCC_DYNAMIC_NO_PIC = NO;
				GCC_NO_COMMON_BLOCKS = YES;
				GCC_OPTIMIZATION_LEVEL = 0;
				GCC_PREPROCESSOR_DEFINITIONS = (
					"DEBUG=1",
					"$(inherited)",
				);
				GCC_SYMBOLS_PRIVATE_EXTERN = NO;
				GCC_WARN_64_TO_32_BIT_CONVERSION = YES;
				GCC_WARN_ABOUT_RETURN_TYPE = YES_ERROR;
				GCC_WARN_UNDECLARED_SELECTOR = YES;
				GCC_WARN_UNINITIALIZED_AUTOS = YES_AGGRESSIVE;
				GCC_WARN_UNUSED_FUNCTION = YES;
				GCC_WARN_UNUSED_VARIABLE = YES;
				IPHONEOS_DEPLOYMENT_TARGET = 8.3;
				MTL_ENABLE_DEBUG_INFO = YES;
				ONLY_ACTIVE_ARCH = YES;
				SDKROOT = iphoneos;
			};
			name = Debug;
		};
		04B8A0711B02FD4F00D06DAB /* Release */ = {
			isa = XCBuildConfiguration;
			buildSettings = {
				ALWAYS_SEARCH_USER_PATHS = NO;
				CLANG_CXX_LANGUAGE_STANDARD = "gnu++0x";
				CLANG_CXX_LIBRARY = "libc++";
				CLANG_ENABLE_MODULES = YES;
				CLANG_ENABLE_OBJC_ARC = YES;
				CLANG_WARN_BOOL_CONVERSION = YES;
				CLANG_WARN_CONSTANT_CONVERSION = YES;
				CLANG_WARN_DIRECT_OBJC_ISA_USAGE = YES_ERROR;
				CLANG_WARN_EMPTY_BODY = YES;
				CLANG_WARN_ENUM_CONVERSION = YES;
				CLANG_WARN_INT_CONVERSION = YES;
				CLANG_WARN_OBJC_ROOT_CLASS = YES_ERROR;
				CLANG_WARN_UNREACHABLE_CODE = YES;
				CLANG_WARN__DUPLICATE_METHOD_MATCH = YES;
				"CODE_SIGN_IDENTITY[sdk=iphoneos*]" = "iPhone Developer";
				COPY_PHASE_STRIP = NO;
				DEBUG_INFORMATION_FORMAT = "dwarf-with-dsym";
				ENABLE_NS_ASSERTIONS = NO;
				ENABLE_STRICT_OBJC_MSGSEND = YES;
				GCC_C_LANGUAGE_STANDARD = gnu99;
				GCC_NO_COMMON_BLOCKS = YES;
				GCC_WARN_64_TO_32_BIT_CONVERSION = YES;
				GCC_WARN_ABOUT_RETURN_TYPE = YES_ERROR;
				GCC_WARN_UNDECLARED_SELECTOR = YES;
				GCC_WARN_UNINITIALIZED_AUTOS = YES_AGGRESSIVE;
				GCC_WARN_UNUSED_FUNCTION = YES;
				GCC_WARN_UNUSED_VARIABLE = YES;
				IPHONEOS_DEPLOYMENT_TARGET = 8.3;
				MTL_ENABLE_DEBUG_INFO = NO;
				SDKROOT = iphoneos;
				VALIDATE_PRODUCT = YES;
			};
			name = Release;
		};
		04B8A0731B02FD4F00D06DAB /* Debug */ = {
			isa = XCBuildConfiguration;
			buildSettings = {
				ASSETCATALOG_COMPILER_APPICON_NAME = AppIcon;
				INFOPLIST_FILE = HelloWorld/Info.plist;
				LD_RUNPATH_SEARCH_PATHS = "$(inherited) @executable_path/Frameworks";
				PRODUCT_NAME = "$(TARGET_NAME)";
			};
			name = Debug;
		};
		04B8A0741B02FD4F00D06DAB /* Release */ = {
			isa = XCBuildConfiguration;
			buildSettings = {
				ASSETCATALOG_COMPILER_APPICON_NAME = AppIcon;
				INFOPLIST_FILE = HelloWorld/Info.plist;
				LD_RUNPATH_SEARCH_PATHS = "$(inherited) @executable_path/Frameworks";
				PRODUCT_NAME = "$(TARGET_NAME)";
			};
			name = Release;
		};
		04B8A0761B02FD4F00D06DAB /* Debug */ = {
			isa = XCBuildConfiguration;
			buildSettings = {
				BUNDLE_LOADER = "$(TEST_HOST)";
				FRAMEWORK_SEARCH_PATHS = (
					"$(SDKROOT)/Developer/Library/Frameworks",
					"$(inherited)",
				);
				GCC_PREPROCESSOR_DEFINITIONS = (
					"DEBUG=1",
					"$(inherited)",
				);
				INFOPLIST_FILE = HelloWorldTests/Info.plist;
				LD_RUNPATH_SEARCH_PATHS = "$(inherited) @executable_path/Frameworks @loader_path/Frameworks";
				PRODUCT_NAME = "$(TARGET_NAME)";
				TEST_HOST = "$(BUILT_PRODUCTS_DIR)/HelloWorld.app/HelloWorld";
			};
			name = Debug;
		};
		04B8A0771B02FD4F00D06DAB /* Release */ = {
			isa = XCBuildConfiguration;
			buildSettings = {
				BUNDLE_LOADER = "$(TEST_HOST)";
				FRAMEWORK_SEARCH_PATHS = (
					"$(SDKROOT)/Developer/Library/Frameworks",
					"$(inherited)",
				);
				INFOPLIST_FILE = HelloWorldTests/Info.plist;
				LD_RUNPATH_SEARCH_PATHS = "$(inherited) @executable_path/Frameworks @loader_path/Frameworks";
				PRODUCT_NAME = "$(TARGET_NAME)";
				TEST_HOST = "$(BUILT_PRODUCTS_DIR)/HelloWorld.app/HelloWorld";
			};
			name = Release;
		};
/* End XCBuildConfiguration section */

/* Begin XCConfigurationList section */
		04B8A04A1B02FD4F00D06DAB /* Build configuration list for PBXProject "HelloWorld" */ = {
			isa = XCConfigurationList;
			buildConfigurations = (
				04B8A0701B02FD4F00D06DAB /* Debug */,
				04B8A0711B02FD4F00D06DAB /* Release */,
			);
			defaultConfigurationIsVisible = 0;
			defaultConfigurationName = Release;
		};
		04B8A0721B02FD4F00D06DAB /* Build configuration list for PBXNativeTarget "HelloWorld" */ = {
			isa = XCConfigurationList;
			buildConfigurations = (
				04B8A0731B02FD4F00D06DAB /* Debug */,
				04B8A0741B02FD4F00D06DAB /* Release */,
			);
			defaultConfigurationIsVisible = 0;
		};
		04B8A0751B02FD4F00D06DAB /* Build configuration list for PBXNativeTarget "HelloWorldTests" */ = {
			isa = XCConfigurationList;
			buildConfigurations = (
				04B8A0761B02FD4F00D06DAB /* Debug */,
				04B8A0771B02FD4F00D06DAB /* Release */,
			);
			defaultConfigurationIsVisible = 0;
		};
/* End XCConfigurationList section */
	};
	rootObject = 04B8A0471B02FD4F00D06DAB /* Project object */;
}
